{
  "originHash" : "3fcbac05c4958d4155e5f57d0c371b9836b60cb418a8ccd64ddb889489dd2c40",
  "pins" : [
    {
      "identity" : "keychainaccess",
      "kind" : "remoteSourceControl",
      "location" : "https://github.com/kishikawakatsumi/KeychainAccess.git",
      "state" : {
        "branch" : "master",
        "revision" : "e0c7eebc5a4465a3c4680764f26b7a61f567cdaf"
      }
    },
    {
      "identity" : "twilio-voice-ios",
      "kind" : "remoteSourceControl",
      "location" : "https://github.com/twilio/twilio-voice-ios",
      "state" : {
        "revision" : "06a0a91e7927cc600a97bf6b7d1f21fface0d035",
        "version" : "6.11.3"
      }
    }
  ],
  "version" : 3
}
